
Microsoft Visual Studio Solution File, Format Version 12.00
# Visual Studio Version 16
VisualStudioVersion = 16.0.31515.178
MinimumVisualStudioVersion = 10.0.40219.1
Project("{9A19103F-16F7-4668-BE54-9A1E7A4F7556}") = "AudiioScraper.Worker", "AudiioScraper.Worker\AudiioScraper.Worker.csproj", "{43940208-A2C3-4E5B-A6E3-0A3CCD7121DC}"
EndProject
Project("{9A19103F-16F7-4668-BE54-9A1E7A4F7556}") = "AudiioScraper.DataAccess", "AudiioScraper.DataAccess\AudiioScraper.DataAccess.csproj", "{4BF80506-E1B7-41DC-ABFA-8C6A16D3DE87}"
EndProject
Project("{9A19103F-16F7-4668-BE54-9A1E7A4F7556}") = "AudiioScraper.Entities", "AudiioScraper.Entities\AudiioScraper.Entities.csproj", "{30FB7E21-100E-4BB0-9252-835880612746}"
EndProject
Project("{FAE04EC0-301F-11D3-BF4B-00C04F79EFBC}") = "AudiioScraper.Common", "AudiioScraper.Common\AudiioScraper.Common.csproj", "{5348DCEE-EF17-40C9-BC39-8D593FDC83F6}"
EndProject
Global
	GlobalSection(SolutionConfigurationPlatforms) = preSolution
		Debug|Any CPU = Debug|Any CPU
		Release|Any CPU = Release|Any CPU
	EndGlobalSection
	GlobalSection(ProjectConfigurationPlatforms) = postSolution
		{43940208-A2C3-4E5B-A6E3-0A3CCD7121DC}.Debug|Any CPU.ActiveCfg = Debug|Any CPU
		{43940208-A2C3-4E5B-A6E3-0A3CCD7121DC}.Debug|Any CPU.Build.0 = Debug|Any CPU
		{43940208-A2C3-4E5B-A6E3-0A3CCD7121DC}.Release|Any CPU.ActiveCfg = Release|Any CPU
		{43940208-A2C3-4E5B-A6E3-0A3CCD7121DC}.Release|Any CPU.Build.0 = Release|Any CPU
		{4BF80506-E1B7-41DC-ABFA-8C6A16D3DE87}.Debug|Any CPU.ActiveCfg = Debug|Any CPU
		{4BF80506-E1B7-41DC-ABFA-8C6A16D3DE87}.Debug|Any CPU.Build.0 = Debug|Any CPU
		{4BF80506-E1B7-41DC-ABFA-8C6A16D3DE87}.Release|Any CPU.ActiveCfg = Release|Any CPU
		{4BF80506-E1B7-41DC-ABFA-8C6A16D3DE87}.Release|Any CPU.Build.0 = Release|Any CPU
		{30FB7E21-100E-4BB0-9252-835880612746}.Debug|Any CPU.ActiveCfg = Debug|Any CPU
		{30FB7E21-100E-4BB0-9252-835880612746}.Debug|Any CPU.Build.0 = Debug|Any CPU
		{30FB7E21-100E-4BB0-9252-835880612746}.Release|Any CPU.ActiveCfg = Release|Any CPU
		{30FB7E21-100E-4BB0-9252-835880612746}.Release|Any CPU.Build.0 = Release|Any CPU
		{5348DCEE-EF17-40C9-BC39-8D593FDC83F6}.Debug|Any CPU.ActiveCfg = Debug|Any CPU
		{5348DCEE-EF17-40C9-BC39-8D593FDC83F6}.Debug|Any CPU.Build.0 = Debug|Any CPU
		{5348DCEE-EF17-40C9-BC39-8D593FDC83F6}.Release|Any CPU.ActiveCfg = Release|Any CPU
		{5348DCEE-EF17-40C9-BC39-8D593FDC83F6}.Release|Any CPU.Build.0 = Release|Any CPU
	EndGlobalSection
	GlobalSection(SolutionProperties) = preSolution
		HideSolutionNode = FALSE
	EndGlobalSection
	GlobalSection(ExtensibilityGlobals) = postSolution
		SolutionGuid = {37320F93-C6FE-4409-A7BD-1EDDD8171AB0}
	EndGlobalSection
EndGlobal
